{
  "lockfileVersion": 1,
  "workspaces": {
    "": {
      "dependencies": {
        "@elysiajs/bearer": "^1.4.1",
        "@elysiajs/cors": "^1.4.0",
        "@elysiajs/jwt": "^1.4.0",
        "@elysiajs/openapi": "^1.4.11",
        "@types/pg": "^8.15.6",
        "better-auth": "^1.3.34",
        "elysia": "^1.4.15",
        "kysely": "^0.28.8",
        "oxlint": "^1.26.0",
        "pg": "^8.16.3",
        "prisma": "^6.19.0",
        "prisma-kysely": "^2.2.1",
      },
      "devDependencies": {
        "@types/bun": "^1.3.2",
        "oxlint-tsgolint": "^0.4.0",
      },
    },
  },
  "packages": {
    "@better-auth/core": ["@better-auth/core@1.3.34", "", { "dependencies": { "zod": "^4.1.5" }, "peerDependencies": { "@better-auth/utils": "0.3.0", "@better-fetch/fetch": "1.1.18", "better-call": "1.0.19", "jose": "^6.1.0", "kysely": "^0.28.5", "nanostores": "^1.0.1" } }, "sha512-rt/Bgl0Xa8OQ2DUMKCZEJ8vL9kUw4NCJsBP9Sj9uRhbsK8NEMPiznUOFMkUY2FvrslvfKN7H/fivwyHz9c7HzQ=="],

    "@better-auth/telemetry": ["@better-auth/telemetry@1.3.34", "", { "dependencies": { "@better-auth/core": "1.3.34", "@better-auth/utils": "0.3.0", "@better-fetch/fetch": "1.1.18" } }, "sha512-aQZ3wN90YMqV49diWxAMe1k7s2qb55KCsedCZne5PlgCjU4s3YtnqyjC5FEpzw2KY8l8rvR7DMAsDl13NjObKA=="],

    "@better-auth/utils": ["@better-auth/utils@0.3.0", "", {}, "sha512-W+Adw6ZA6mgvnSnhOki270rwJ42t4XzSK6YWGF//BbVXL6SwCLWfyzBc1lN2m/4RM28KubdBKQ4X5VMoLRNPQw=="],

    "@better-fetch/fetch": ["@better-fetch/fetch@1.1.18", "", {}, "sha512-rEFOE1MYIsBmoMJtQbl32PGHHXuG2hDxvEd7rUHE0vCBoFQVSDqaVs9hkZEtHCxRoY+CljXKFCOuJ8uxqw1LcA=="],

    "@borewit/text-codec": ["@borewit/text-codec@0.1.1", "", {}, "sha512-5L/uBxmjaCIX5h8Z+uu+kA9BQLkc/Wl06UGR5ajNRxu+/XjonB5i8JpgFMrPj3LXTCPA0pv8yxUvbUi+QthGGA=="],

    "@chevrotain/cst-dts-gen": ["@chevrotain/cst-dts-gen@10.5.0", "", { "dependencies": { "@chevrotain/gast": "10.5.0", "@chevrotain/types": "10.5.0", "lodash": "4.17.21" } }, "sha512-lhmC/FyqQ2o7pGK4Om+hzuDrm9rhFYIJ/AXoQBeongmn870Xeb0L6oGEiuR8nohFNL5sMaQEJWCxr1oIVIVXrw=="],

    "@chevrotain/gast": ["@chevrotain/gast@10.5.0", "", { "dependencies": { "@chevrotain/types": "10.5.0", "lodash": "4.17.21" } }, "sha512-pXdMJ9XeDAbgOWKuD1Fldz4ieCs6+nLNmyVhe2gZVqoO7v8HXuHYs5OV2EzUtbuai37TlOAQHrTDvxMnvMJz3A=="],

    "@chevrotain/types": ["@chevrotain/types@10.5.0", "", {}, "sha512-f1MAia0x/pAVPWH/T73BJVyO2XU5tI4/iE7cnxb7tqdNTNhQI3Uq3XkqcoteTmD4t1aM0LbHCJOhgIDn07kl2A=="],

    "@chevrotain/utils": ["@chevrotain/utils@10.5.0", "", {}, "sha512-hBzuU5+JjB2cqNZyszkDHZgOSrUUT8V3dhgRl8Q9Gp6dAj/H5+KILGjbhDpc3Iy9qmqlm/akuOI2ut9VUtzJxQ=="],

    "@elysiajs/bearer": ["@elysiajs/bearer@1.4.1", "", { "peerDependencies": { "elysia": ">= 1.4.0" } }, "sha512-vLLSMEVsLKp/8p/eoAbXZdXKRs1jEQO4OkrfcKM2x8FkiK2aKNcFgLID45bH+6rYbCf8Ihg0NKw59zxMLl43OQ=="],

    "@elysiajs/cors": ["@elysiajs/cors@1.4.0", "", { "peerDependencies": { "elysia": ">= 1.4.0" } }, "sha512-pb0SCzBfFbFSYA/U40HHO7R+YrcXBJXOWgL20eSViK33ol1e20ru2/KUaZYo5IMUn63yaTJI/bQERuQ+77ND8g=="],

    "@elysiajs/jwt": ["@elysiajs/jwt@1.4.0", "", { "dependencies": { "jose": "^6.0.11" }, "peerDependencies": { "elysia": ">= 1.4.0" } }, "sha512-Z0PvZhQxdDeKZ8HslXzDoXXD83NKExNPmoiAPki3nI2Xvh5wtUrBH+zWOD17yP14IbRo8fxGj3L25MRCAPsgPA=="],

    "@elysiajs/openapi": ["@elysiajs/openapi@1.4.11", "", { "peerDependencies": { "elysia": ">= 1.4.0" } }, "sha512-d75bMxYJpN6qSDi/z9L1S7SLk1S/8Px+cTb3W2lrYzU8uQ5E0kXdy1oOMJEfTyVsz3OA19NP9KNxE7ztSbLBLg=="],

    "@hexagon/base64": ["@hexagon/base64@1.1.28", "", {}, "sha512-lhqDEAvWixy3bZ+UOYbPwUbBkwBq5C1LAJ/xPC8Oi+lL54oyakv/npbA0aU2hgCsx/1NUd4IBvV03+aUBWxerw=="],

    "@levischuck/tiny-cbor": ["@levischuck/tiny-cbor@0.2.11", "", {}, "sha512-llBRm4dT4Z89aRsm6u2oEZ8tfwL/2l6BwpZ7JcyieouniDECM5AqNgr/y08zalEIvW3RSK4upYyybDcmjXqAow=="],

    "@mrleebo/prisma-ast": ["@mrleebo/prisma-ast@0.13.1", "", { "dependencies": { "chevrotain": "^10.5.0", "lilconfig": "^2.1.0" } }, "sha512-XyroGQXcHrZdvmrGJvsA9KNeOOgGMg1Vg9OlheUsBOSKznLMDl+YChxbkboRHvtFYJEMRYmlV3uoo/njCw05iw=="],

    "@noble/ciphers": ["@noble/ciphers@2.0.1", "", {}, "sha512-xHK3XHPUW8DTAobU+G0XT+/w+JLM7/8k1UFdB5xg/zTFPnFCobhftzw8wl4Lw2aq/Rvir5pxfZV5fEazmeCJ2g=="],

    "@noble/hashes": ["@noble/hashes@2.0.1", "", {}, "sha512-XlOlEbQcE9fmuXxrVTXCTlG2nlRXa9Rj3rr5Ue/+tX+nmkgbX720YHh0VR3hBF9xDvwnb8D2shVGOwNx+ulArw=="],

    "@oxlint-tsgolint/darwin-arm64": ["@oxlint-tsgolint/darwin-arm64@0.4.0", "", { "os": "darwin", "cpu": "arm64" }, "sha512-2jNvhxs6JJy93Z4SQ/VErODBzZtFKxQ+sybcKYcw5/K41tXOiBbJSwBMZ2PPvivCVkVcyOkJvfs5UXWW7o79uw=="],

    "@oxlint-tsgolint/darwin-x64": ["@oxlint-tsgolint/darwin-x64@0.4.0", "", { "os": "darwin", "cpu": "x64" }, "sha512-6A+YBecdZhk2NJ8Dh3kRkR6htNekDmAopFkdyrtNvsHJs5qNNuwUv5RZlVMYiaQTh/Y/tZ0YWE4+cVdqPIEyxQ=="],

    "@oxlint-tsgolint/linux-arm64": ["@oxlint-tsgolint/linux-arm64@0.4.0", "", { "os": "linux", "cpu": "arm64" }, "sha512-JaX8JfQnY3UwX7l6BXIjhEaJAVeKVASELLFCdoo5+DOHgPuiiSKcxCVgTl92WPAuS0TYFXOgqOg31WXkvdi8bQ=="],

    "@oxlint-tsgolint/linux-x64": ["@oxlint-tsgolint/linux-x64@0.4.0", "", { "os": "linux", "cpu": "x64" }, "sha512-iu106lxV1O64O4vK2eRoIuY2iHuil/hyDNKLRNVaTg1un+yoxN6/C5uxrJix/EJ+1O27P9c+sXmMplcmbXujtg=="],

    "@oxlint-tsgolint/win32-arm64": ["@oxlint-tsgolint/win32-arm64@0.4.0", "", { "os": "win32", "cpu": "arm64" }, "sha512-KTp9EzkTCGAh4/sL3l5a9otX63TvTs5riBcrcqu0jYS3P762rZSezzMMDc0Ld51x+I37125p9+bue2vmlH/KbQ=="],

    "@oxlint-tsgolint/win32-x64": ["@oxlint-tsgolint/win32-x64@0.4.0", "", { "os": "win32", "cpu": "x64" }, "sha512-ioyBLHx0HA+hn5of8mhnA8W8DWQyJEHc7SBvwku0EW9bWt7zvBtWRJfx1YilvM+KVBdLVX731qeofdJT1fbJiQ=="],

    "@oxlint/darwin-arm64": ["@oxlint/darwin-arm64@1.26.0", "", { "os": "darwin", "cpu": "arm64" }, "sha512-kTmm1opqyn7iZopWHO3Ml4D/44pA5eknZBepgxCnTaPrW8XgCEUI85Q5AvOOvoNve8NziTYb8ax+CyuGJIgn/Q=="],

    "@oxlint/darwin-x64": ["@oxlint/darwin-x64@1.26.0", "", { "os": "darwin", "cpu": "x64" }, "sha512-/hMfZ9j7ZzVPRmMm02PHNc6MIMk0QYv5VowZJRIp40YLqLPvFfGNGZBj8e1fDVgZMFEGWDQK3yrt1uBKxXAK4Q=="],

    "@oxlint/linux-arm64-gnu": ["@oxlint/linux-arm64-gnu@1.26.0", "", { "os": "linux", "cpu": "arm64" }, "sha512-iv4wdrwdCa8bhJxOpKlvfxqTs0LgW5tKBUMvH9B13zREHm1xT9JRZ8cQbbKiyC6LNdggwu5S6TSvODgAu7/DlA=="],

    "@oxlint/linux-arm64-musl": ["@oxlint/linux-arm64-musl@1.26.0", "", { "os": "linux", "cpu": "arm64" }, "sha512-a3gTbnN1JzedxqYeGTkg38BAs/r3Krd2DPNs/MF7nnHthT3RzkPUk47isMePLuNc4e/Weljn7m2m/Onx22tiNg=="],

    "@oxlint/linux-x64-gnu": ["@oxlint/linux-x64-gnu@1.26.0", "", { "os": "linux", "cpu": "x64" }, "sha512-cCAyqyuKpFImjlgiBuuwSF+aDBW2h19/aCmHMTMSp6KXwhoQK7/Xx7/EhZKP5wiQJzVUYq5fXr0D8WmpLGsjRg=="],

    "@oxlint/linux-x64-musl": ["@oxlint/linux-x64-musl@1.26.0", "", { "os": "linux", "cpu": "x64" }, "sha512-8VOJ4vQo0G1tNdaghxrWKjKZGg73tv+FoMDrtNYuUesqBHZN68FkYCsgPwEsacLhCmtoZrkF3ePDWDuWEpDyAg=="],

    "@oxlint/win32-arm64": ["@oxlint/win32-arm64@1.26.0", "", { "os": "win32", "cpu": "arm64" }, "sha512-N8KUtzP6gfEHKvaIBZCS9g8wRfqV5v55a/B8iJjIEhtMehcEM+UX+aYRsQ4dy5oBCrK3FEp4Yy/jHgb0moLm3Q=="],

    "@oxlint/win32-x64": ["@oxlint/win32-x64@1.26.0", "", { "os": "win32", "cpu": "x64" }, "sha512-7tCyG0laduNQ45vzB9blVEGq/6DOvh7AFmiUAana8mTp0zIKQQmwJ21RqhazH0Rk7O6lL7JYzKcu+zaJHGpRLA=="],

    "@peculiar/asn1-android": ["@peculiar/asn1-android@2.5.0", "", { "dependencies": { "@peculiar/asn1-schema": "^2.5.0", "asn1js": "^3.0.6", "tslib": "^2.8.1" } }, "sha512-t8A83hgghWQkcneRsgGs2ebAlRe54ns88p7ouv8PW2tzF1nAW4yHcL4uZKrFpIU+uszIRzTkcCuie37gpkId0A=="],

    "@peculiar/asn1-cms": ["@peculiar/asn1-cms@2.5.0", "", { "dependencies": { "@peculiar/asn1-schema": "^2.5.0", "@peculiar/asn1-x509": "^2.5.0", "@peculiar/asn1-x509-attr": "^2.5.0", "asn1js": "^3.0.6", "tslib": "^2.8.1" } }, "sha512-p0SjJ3TuuleIvjPM4aYfvYw8Fk1Hn/zAVyPJZTtZ2eE9/MIer6/18ROxX6N/e6edVSfvuZBqhxAj3YgsmSjQ/A=="],

    "@peculiar/asn1-csr": ["@peculiar/asn1-csr@2.5.0", "", { "dependencies": { "@peculiar/asn1-schema": "^2.5.0", "@peculiar/asn1-x509": "^2.5.0", "asn1js": "^3.0.6", "tslib": "^2.8.1" } }, "sha512-ioigvA6WSYN9h/YssMmmoIwgl3RvZlAYx4A/9jD2qaqXZwGcNlAxaw54eSx2QG1Yu7YyBC5Rku3nNoHrQ16YsQ=="],

    "@peculiar/asn1-ecc": ["@peculiar/asn1-ecc@2.5.0", "", { "dependencies": { "@peculiar/asn1-schema": "^2.5.0", "@peculiar/asn1-x509": "^2.5.0", "asn1js": "^3.0.6", "tslib": "^2.8.1" } }, "sha512-t4eYGNhXtLRxaP50h3sfO6aJebUCDGQACoeexcelL4roMFRRVgB20yBIu2LxsPh/tdW9I282gNgMOyg3ywg/mg=="],

    "@peculiar/asn1-pfx": ["@peculiar/asn1-pfx@2.5.0", "", { "dependencies": { "@peculiar/asn1-cms": "^2.5.0", "@peculiar/asn1-pkcs8": "^2.5.0", "@peculiar/asn1-rsa": "^2.5.0", "@peculiar/asn1-schema": "^2.5.0", "asn1js": "^3.0.6", "tslib": "^2.8.1" } }, "sha512-Vj0d0wxJZA+Ztqfb7W+/iu8Uasw6hhKtCdLKXLG/P3kEPIQpqGI4P4YXlROfl7gOCqFIbgsj1HzFIFwQ5s20ug=="],

    "@peculiar/asn1-pkcs8": ["@peculiar/asn1-pkcs8@2.5.0", "", { "dependencies": { "@peculiar/asn1-schema": "^2.5.0", "@peculiar/asn1-x509": "^2.5.0", "asn1js": "^3.0.6", "tslib": "^2.8.1" } }, "sha512-L7599HTI2SLlitlpEP8oAPaJgYssByI4eCwQq2C9eC90otFpm8MRn66PpbKviweAlhinWQ3ZjDD2KIVtx7PaVw=="],

    "@peculiar/asn1-pkcs9": ["@peculiar/asn1-pkcs9@2.5.0", "", { "dependencies": { "@peculiar/asn1-cms": "^2.5.0", "@peculiar/asn1-pfx": "^2.5.0", "@peculiar/asn1-pkcs8": "^2.5.0", "@peculiar/asn1-schema": "^2.5.0", "@peculiar/asn1-x509": "^2.5.0", "@peculiar/asn1-x509-attr": "^2.5.0", "asn1js": "^3.0.6", "tslib": "^2.8.1" } }, "sha512-UgqSMBLNLR5TzEZ5ZzxR45Nk6VJrammxd60WMSkofyNzd3DQLSNycGWSK5Xg3UTYbXcDFyG8pA/7/y/ztVCa6A=="],

    "@peculiar/asn1-rsa": ["@peculiar/asn1-rsa@2.5.0", "", { "dependencies": { "@peculiar/asn1-schema": "^2.5.0", "@peculiar/asn1-x509": "^2.5.0", "asn1js": "^3.0.6", "tslib": "^2.8.1" } }, "sha512-qMZ/vweiTHy9syrkkqWFvbT3eLoedvamcUdnnvwyyUNv5FgFXA3KP8td+ATibnlZ0EANW5PYRm8E6MJzEB/72Q=="],

    "@peculiar/asn1-schema": ["@peculiar/asn1-schema@2.5.0", "", { "dependencies": { "asn1js": "^3.0.6", "pvtsutils": "^1.3.6", "tslib": "^2.8.1" } }, "sha512-YM/nFfskFJSlHqv59ed6dZlLZqtZQwjRVJ4bBAiWV08Oc+1rSd5lDZcBEx0lGDHfSoH3UziI2pXt2UM33KerPQ=="],

    "@peculiar/asn1-x509": ["@peculiar/asn1-x509@2.5.0", "", { "dependencies": { "@peculiar/asn1-schema": "^2.5.0", "asn1js": "^3.0.6", "pvtsutils": "^1.3.6", "tslib": "^2.8.1" } }, "sha512-CpwtMCTJvfvYTFMuiME5IH+8qmDe3yEWzKHe7OOADbGfq7ohxeLaXwQo0q4du3qs0AII3UbLCvb9NF/6q0oTKQ=="],

    "@peculiar/asn1-x509-attr": ["@peculiar/asn1-x509-attr@2.5.0", "", { "dependencies": { "@peculiar/asn1-schema": "^2.5.0", "@peculiar/asn1-x509": "^2.5.0", "asn1js": "^3.0.6", "tslib": "^2.8.1" } }, "sha512-9f0hPOxiJDoG/bfNLAFven+Bd4gwz/VzrCIIWc1025LEI4BXO0U5fOCTNDPbbp2ll+UzqKsZ3g61mpBp74gk9A=="],

    "@peculiar/x509": ["@peculiar/x509@1.14.0", "", { "dependencies": { "@peculiar/asn1-cms": "^2.5.0", "@peculiar/asn1-csr": "^2.5.0", "@peculiar/asn1-ecc": "^2.5.0", "@peculiar/asn1-pkcs9": "^2.5.0", "@peculiar/asn1-rsa": "^2.5.0", "@peculiar/asn1-schema": "^2.5.0", "@peculiar/asn1-x509": "^2.5.0", "pvtsutils": "^1.3.6", "reflect-metadata": "^0.2.2", "tslib": "^2.8.1", "tsyringe": "^4.10.0" } }, "sha512-Yc4PDxN3OrxUPiXgU63c+ZRXKGE8YKF2McTciYhUHFtHVB0KMnjeFSU0qpztGhsp4P0uKix4+J2xEpIEDu8oXg=="],

    "@prisma/config": ["@prisma/config@6.19.0", "", { "dependencies": { "c12": "3.1.0", "deepmerge-ts": "7.1.5", "effect": "3.18.4", "empathic": "2.0.0" } }, "sha512-zwCayme+NzI/WfrvFEtkFhhOaZb/hI+X8TTjzjJ252VbPxAl2hWHK5NMczmnG9sXck2lsXrxIZuK524E25UNmg=="],

    "@prisma/debug": ["@prisma/debug@6.19.0", "", {}, "sha512-8hAdGG7JmxrzFcTzXZajlQCidX0XNkMJkpqtfbLV54wC6LSSX6Vni25W/G+nAANwLnZ2TmwkfIuWetA7jJxJFA=="],

    "@prisma/dmmf": ["@prisma/dmmf@6.16.2", "", {}, "sha512-o9ztgdbj2KZXl6DL+oP56TTC0poTLPns9/MeU761b49E1IQ/fd0jwdov1bidlNOiwio8Nsou23xNrYE/db10aA=="],

    "@prisma/driver-adapter-utils": ["@prisma/driver-adapter-utils@6.16.2", "", { "dependencies": { "@prisma/debug": "6.16.2" } }, "sha512-DMgfafnG0zPd+QoAQOC0Trn1xlb0fVAfQi2MpkpzSf641KiVkVPkJRXDSbcTbxGxO2HRdd0vI9U6LlesWad4XA=="],

    "@prisma/engines": ["@prisma/engines@6.19.0", "", { "dependencies": { "@prisma/debug": "6.19.0", "@prisma/engines-version": "6.19.0-26.2ba551f319ab1df4bc874a89965d8b3641056773", "@prisma/fetch-engine": "6.19.0", "@prisma/get-platform": "6.19.0" } }, "sha512-pMRJ+1S6NVdXoB8QJAPIGpKZevFjxhKt0paCkRDTZiczKb7F4yTgRP8M4JdVkpQwmaD4EoJf6qA+p61godDokw=="],

    "@prisma/engines-version": ["@prisma/engines-version@6.19.0-26.2ba551f319ab1df4bc874a89965d8b3641056773", "", {}, "sha512-gV7uOBQfAFlWDvPJdQxMT1aSRur3a0EkU/6cfbAC5isV67tKDWUrPauyaHNpB+wN1ebM4A9jn/f4gH+3iHSYSQ=="],

    "@prisma/fetch-engine": ["@prisma/fetch-engine@6.19.0", "", { "dependencies": { "@prisma/debug": "6.19.0", "@prisma/engines-version": "6.19.0-26.2ba551f319ab1df4bc874a89965d8b3641056773", "@prisma/get-platform": "6.19.0" } }, "sha512-OOx2Lda0DGrZ1rodADT06ZGqHzr7HY7LNMaFE2Vp8dp146uJld58sRuasdX0OiwpHgl8SqDTUKHNUyzEq7pDdQ=="],

    "@prisma/generator": ["@prisma/generator@6.16.2", "", {}, "sha512-7bwRmtMIgfe1rUynh1p9VlmYvEiidbRO6aBphPBS6YGEGSvNe8+QExbRpsqFlFBvIX76BhZCxuEj7ZwALMYRKQ=="],

    "@prisma/generator-helper": ["@prisma/generator-helper@6.16.2", "", { "dependencies": { "@prisma/debug": "6.16.2", "@prisma/dmmf": "6.16.2", "@prisma/generator": "6.16.2" } }, "sha512-8tVnWM8ETJNrvI5CT9eKCW23+aPLNkidC+g9NJn7ghXm60Q7GGlLX5tmvn5dE8tXvs/FSX3MN7KNmNJpOr89Hw=="],

    "@prisma/get-platform": ["@prisma/get-platform@6.19.0", "", { "dependencies": { "@prisma/debug": "6.19.0" } }, "sha512-ym85WDO2yDhC3fIXHWYpG3kVMBA49cL1XD2GCsCF8xbwoy2OkDQY44gEbAt2X46IQ4Apq9H6g0Ex1iFfPqEkHA=="],

    "@prisma/internals": ["@prisma/internals@6.16.2", "", { "dependencies": { "@prisma/config": "6.16.2", "@prisma/debug": "6.16.2", "@prisma/dmmf": "6.16.2", "@prisma/driver-adapter-utils": "6.16.2", "@prisma/engines": "6.16.2", "@prisma/fetch-engine": "6.16.2", "@prisma/generator": "6.16.2", "@prisma/generator-helper": "6.16.2", "@prisma/get-platform": "6.16.2", "@prisma/prisma-schema-wasm": "6.16.0-7.1c57fdcd7e44b29b9313256c76699e91c3ac3c43", "@prisma/schema-engine-wasm": "6.16.0-7.1c57fdcd7e44b29b9313256c76699e91c3ac3c43", "@prisma/schema-files-loader": "6.16.2", "arg": "5.0.2", "prompts": "2.4.2" }, "peerDependencies": { "typescript": ">=5.1.0" }, "optionalPeers": ["typescript"] }, "sha512-gwmWl7H8iTbi+58RXua5Lsus5LDbIZGO2wQ4RoSX9YtEbKWHwRP8TUzTVLwRNeJ2DHwfnzhTLrUnybwotqiACg=="],

    "@prisma/prisma-schema-wasm": ["@prisma/prisma-schema-wasm@6.16.0-7.1c57fdcd7e44b29b9313256c76699e91c3ac3c43", "", {}, "sha512-DvYi0zKqzPd49Z5japS3FawyMylscaoUmlXNhnRAXb8HZryG4Q7TM1FLX8OIAfCgLmoWS1c/Zf4UZznBXkvWSg=="],

    "@prisma/schema-engine-wasm": ["@prisma/schema-engine-wasm@6.16.0-7.1c57fdcd7e44b29b9313256c76699e91c3ac3c43", "", {}, "sha512-HDgFE0um5OHkk2pkQbAgARR284i2VpoM+7GYRAT0zxoTagsdaZ6yquJF2LEZuAKfibib0Ct7JZxRCB8eN/Ru6g=="],

    "@prisma/schema-files-loader": ["@prisma/schema-files-loader@6.16.2", "", { "dependencies": { "@prisma/prisma-schema-wasm": "6.16.0-7.1c57fdcd7e44b29b9313256c76699e91c3ac3c43", "fs-extra": "11.3.0" } }, "sha512-TN77DUFgOxT/WL6wuxVhn7qVDvwVRl0TEzhFfRh5vKQsuZ5itLzA7Ki4TgOs4Pk18wwZnti6ZKdzR3Y7cu2KsA=="],

    "@simplewebauthn/browser": ["@simplewebauthn/browser@13.2.2", "", {}, "sha512-FNW1oLQpTJyqG5kkDg5ZsotvWgmBaC6jCHR7Ej0qUNep36Wl9tj2eZu7J5rP+uhXgHaLk+QQ3lqcw2vS5MX1IA=="],

    "@simplewebauthn/server": ["@simplewebauthn/server@13.2.2", "", { "dependencies": { "@hexagon/base64": "^1.1.27", "@levischuck/tiny-cbor": "^0.2.2", "@peculiar/asn1-android": "^2.3.10", "@peculiar/asn1-ecc": "^2.3.8", "@peculiar/asn1-rsa": "^2.3.8", "@peculiar/asn1-schema": "^2.3.8", "@peculiar/asn1-x509": "^2.3.8", "@peculiar/x509": "^1.13.0" } }, "sha512-HcWLW28yTMGXpwE9VLx9J+N2KEUaELadLrkPEEI9tpI5la70xNEVEsu/C+m3u7uoq4FulLqZQhgBCzR9IZhFpA=="],

    "@sinclair/typebox": ["@sinclair/typebox@0.34.41", "", {}, "sha512-6gS8pZzSXdyRHTIqoqSVknxolr1kzfy4/CeDnrzsVz8TTIWUbOBr6gnzOmTYJ3eXQNh4IYHIGi5aIL7sOZ2G/g=="],

    "@standard-schema/spec": ["@standard-schema/spec@1.0.0", "", {}, "sha512-m2bOd0f2RT9k8QJx1JN85cZYyH1RqFBdlwtkSlf4tBDYLCiiZnv1fIIwacK6cqwXavOydf0NPToMQgpKq+dVlA=="],

    "@tokenizer/inflate": ["@tokenizer/inflate@0.2.7", "", { "dependencies": { "debug": "^4.4.0", "fflate": "^0.8.2", "token-types": "^6.0.0" } }, "sha512-MADQgmZT1eKjp06jpI2yozxaU9uVs4GzzgSL+uEq7bVcJ9V1ZXQkeGNql1fsSI0gMy1vhvNTNbUqrx+pZfJVmg=="],

    "@tokenizer/token": ["@tokenizer/token@0.3.0", "", {}, "sha512-OvjF+z51L3ov0OyAU0duzsYuvO01PH7x4t6DJx+guahgTnBHkhJdG7soQeTSFLWN3efnHyibZ4Z8l2EuWwJN3A=="],

    "@types/bun": ["@types/bun@1.3.2", "", { "dependencies": { "bun-types": "1.3.2" } }, "sha512-t15P7k5UIgHKkxwnMNkJbWlh/617rkDGEdSsDbu+qNHTaz9SKf7aC8fiIlUdD5RPpH6GEkP0cK7WlvmrEBRtWg=="],

    "@types/node": ["@types/node@24.9.1", "", { "dependencies": { "undici-types": "~7.16.0" } }, "sha512-QoiaXANRkSXK6p0Duvt56W208du4P9Uye9hWLWgGMDTEoKPhuenzNcC4vGUmrNkiOKTlIrBoyNQYNpSwfEZXSg=="],

    "@types/pg": ["@types/pg@8.15.6", "", { "dependencies": { "@types/node": "*", "pg-protocol": "*", "pg-types": "^2.2.0" } }, "sha512-NoaMtzhxOrubeL/7UZuNTrejB4MPAJ0RpxZqXQf2qXuVlTPuG6Y8p4u9dKRaue4yjmC7ZhzVO2/Yyyn25znrPQ=="],

    "@types/react": ["@types/react@19.2.2", "", { "dependencies": { "csstype": "^3.0.2" } }, "sha512-6mDvHUFSjyT2B2yeNx2nUgMxh9LtOWvkhIU3uePn2I2oyNymUAX1NIsdgviM4CH+JSrp2D2hsMvJOkxY+0wNRA=="],

    "arg": ["arg@5.0.2", "", {}, "sha512-PYjyFOLKQ9y57JvQ6QLo8dAgNqswh8M1RMJYdQduT6xbWSgK36P/Z/v+p888pM69jMMfS8Xd8F6I1kQ/I9HUGg=="],

    "asn1js": ["asn1js@3.0.6", "", { "dependencies": { "pvtsutils": "^1.3.6", "pvutils": "^1.1.3", "tslib": "^2.8.1" } }, "sha512-UOCGPYbl0tv8+006qks/dTgV9ajs97X2p0FAbyS2iyCRrmLSRolDaHdp+v/CLgnzHc3fVB+CwYiUmei7ndFcgA=="],

    "better-auth": ["better-auth@1.3.34", "", { "dependencies": { "@better-auth/core": "1.3.34", "@better-auth/telemetry": "1.3.34", "@better-auth/utils": "0.3.0", "@better-fetch/fetch": "1.1.18", "@noble/ciphers": "^2.0.0", "@noble/hashes": "^2.0.0", "@simplewebauthn/browser": "^13.1.2", "@simplewebauthn/server": "^13.1.2", "better-call": "1.0.19", "defu": "^6.1.4", "jose": "^6.1.0", "kysely": "^0.28.5", "nanostores": "^1.0.1", "zod": "^4.1.5" } }, "sha512-LWA52SlvnUBJRbN8VLSTLILPomZY3zZAiLxVJCeSQ5uVmaIKkMBhERitkfJcXB9RJcfl4uP+3EqKkb6hX1/uiw=="],

    "better-call": ["better-call@1.0.19", "", { "dependencies": { "@better-auth/utils": "^0.3.0", "@better-fetch/fetch": "^1.1.4", "rou3": "^0.5.1", "set-cookie-parser": "^2.7.1", "uncrypto": "^0.1.3" } }, "sha512-sI3GcA1SCVa3H+CDHl8W8qzhlrckwXOTKhqq3OOPXjgn5aTOMIqGY34zLY/pHA6tRRMjTUC3lz5Mi7EbDA24Kw=="],

    "bun-types": ["bun-types@1.3.2", "", { "dependencies": { "@types/node": "*" }, "peerDependencies": { "@types/react": "^19" } }, "sha512-i/Gln4tbzKNuxP70OWhJRZz1MRfvqExowP7U6JKoI8cntFrtxg7RJK3jvz7wQW54UuvNC8tbKHHri5fy74FVqg=="],

    "c12": ["c12@3.1.0", "", { "dependencies": { "chokidar": "^4.0.3", "confbox": "^0.2.2", "defu": "^6.1.4", "dotenv": "^16.6.1", "exsolve": "^1.0.7", "giget": "^2.0.0", "jiti": "^2.4.2", "ohash": "^2.0.11", "pathe": "^2.0.3", "perfect-debounce": "^1.0.0", "pkg-types": "^2.2.0", "rc9": "^2.1.2" }, "peerDependencies": { "magicast": "^0.3.5" }, "optionalPeers": ["magicast"] }, "sha512-uWoS8OU1MEIsOv8p/5a82c3H31LsWVR5qiyXVfBNOzfffjUWtPnhAb4BYI2uG2HfGmZmFjCtui5XNWaps+iFuw=="],

    "chevrotain": ["chevrotain@10.5.0", "", { "dependencies": { "@chevrotain/cst-dts-gen": "10.5.0", "@chevrotain/gast": "10.5.0", "@chevrotain/types": "10.5.0", "@chevrotain/utils": "10.5.0", "lodash": "4.17.21", "regexp-to-ast": "0.5.0" } }, "sha512-Pkv5rBY3+CsHOYfV5g/Vs5JY9WTHHDEKOlohI2XeygaZhUeqhAlldZ8Hz9cRmxu709bvS08YzxHdTPHhffc13A=="],

    "chokidar": ["chokidar@4.0.3", "", { "dependencies": { "readdirp": "^4.0.1" } }, "sha512-Qgzu8kfBvo+cA4962jnP1KkS6Dop5NS6g7R5LFYJr4b8Ub94PPQXUksCw9PvXoeXPRRddRNC5C1JQUR2SMGtnA=="],

    "citty": ["citty@0.1.6", "", { "dependencies": { "consola": "^3.2.3" } }, "sha512-tskPPKEs8D2KPafUypv2gxwJP8h/OaJmC82QQGGDQcHvXX43xF2VDACcJVmZ0EuSxkpO9Kc4MlrA3q0+FG58AQ=="],

    "confbox": ["confbox@0.2.2", "", {}, "sha512-1NB+BKqhtNipMsov4xI/NnhCKp9XG9NamYp5PVm9klAT0fsrNPjaFICsCFhNhwZJKNh7zB/3q8qXz0E9oaMNtQ=="],

    "consola": ["consola@3.4.2", "", {}, "sha512-5IKcdX0nnYavi6G7TtOhwkYzyjfJlatbjMjuLSfE2kYT5pMDOilZ4OvMhi637CcDICTmz3wARPoyhqyX1Y+XvA=="],

    "cookie": ["cookie@1.0.2", "", {}, "sha512-9Kr/j4O16ISv8zBBhJoi4bXOYNTkFLOqSL3UDB0njXxCXNezjeyVrJyGOWtgfs/q2km1gwBcfH8q1yEGoMYunA=="],

    "csstype": ["csstype@3.1.3", "", {}, "sha512-M1uQkMl8rQK/szD0LNhtqxIPLpimGm8sOBwU7lLnCpSbTyY3yeU1Vc7l4KT5zT4s/yOxHH5O7tIuuLOCnLADRw=="],

    "debug": ["debug@4.4.3", "", { "dependencies": { "ms": "^2.1.3" } }, "sha512-RGwwWnwQvkVfavKVt22FGLw+xYSdzARwm0ru6DhTVA3umU5hZc28V3kO4stgYryrTlLpuvgI9GiijltAjNbcqA=="],

    "deepmerge-ts": ["deepmerge-ts@7.1.5", "", {}, "sha512-HOJkrhaYsweh+W+e74Yn7YStZOilkoPb6fycpwNLKzSPtruFs48nYis0zy5yJz1+ktUhHxoRDJ27RQAWLIJVJw=="],

    "defu": ["defu@6.1.4", "", {}, "sha512-mEQCMmwJu317oSz8CwdIOdwf3xMif1ttiM8LTufzc3g6kR+9Pe236twL8j3IYT1F7GfRgGcW6MWxzZjLIkuHIg=="],

    "destr": ["destr@2.0.5", "", {}, "sha512-ugFTXCtDZunbzasqBxrK93Ik/DRYsO6S/fedkWEMKqt04xZ4csmnmwGDBAb07QWNaGMAmnTIemsYZCksjATwsA=="],

    "dotenv": ["dotenv@16.6.1", "", {}, "sha512-uBq4egWHTcTt33a72vpSG0z3HnPuIl6NqYcTrKEg2azoEyl2hpW0zqlxysq2pK9HlDIHyHyakeYaYnSAwd8bow=="],

    "effect": ["effect@3.18.4", "", { "dependencies": { "@standard-schema/spec": "^1.0.0", "fast-check": "^3.23.1" } }, "sha512-b1LXQJLe9D11wfnOKAk3PKxuqYshQ0Heez+y5pnkd3jLj1yx9QhM72zZ9uUrOQyNvrs2GZZd/3maL0ZV18YuDA=="],

    "elysia": ["elysia@1.4.15", "", { "dependencies": { "cookie": "^1.0.2", "exact-mirror": "0.2.2", "fast-decode-uri-component": "^1.0.1", "memoirist": "^0.4.0" }, "peerDependencies": { "@sinclair/typebox": ">= 0.34.0 < 1", "@types/bun": ">= 1.2.0", "file-type": ">= 20.0.0", "openapi-types": ">= 12.0.0", "typescript": ">= 5.0.0" }, "optionalPeers": ["@types/bun", "typescript"] }, "sha512-RaDqqZdLuC4UJetfVRQ4Z5aVpGgEtQ+pZnsbI4ZzEaf3l/MzuHcqSVoL/Fue3d6qE4RV9HMB2rAZaHyPIxkyzg=="],

    "empathic": ["empathic@2.0.0", "", {}, "sha512-i6UzDscO/XfAcNYD75CfICkmfLedpyPDdozrLMmQc5ORaQcdMoc21OnlEylMIqI7U8eniKrPMxxtj8k0vhmJhA=="],

    "exact-mirror": ["exact-mirror@0.2.2", "", { "peerDependencies": { "@sinclair/typebox": "^0.34.15" }, "optionalPeers": ["@sinclair/typebox"] }, "sha512-CrGe+4QzHZlnrXZVlo/WbUZ4qQZq8C0uATQVGVgXIrNXgHDBBNFD1VRfssRA2C9t3RYvh3MadZSdg2Wy7HBoQA=="],

    "exsolve": ["exsolve@1.0.7", "", {}, "sha512-VO5fQUzZtI6C+vx4w/4BWJpg3s/5l+6pRQEHzFRM8WFi4XffSP1Z+4qi7GbjWbvRQEbdIco5mIMq+zX4rPuLrw=="],

    "fast-check": ["fast-check@3.23.2", "", { "dependencies": { "pure-rand": "^6.1.0" } }, "sha512-h5+1OzzfCC3Ef7VbtKdcv7zsstUQwUDlYpUTvjeUsJAssPgLn7QzbboPtL5ro04Mq0rPOsMzl7q5hIbRs2wD1A=="],

    "fast-decode-uri-component": ["fast-decode-uri-component@1.0.1", "", {}, "sha512-WKgKWg5eUxvRZGwW8FvfbaH7AXSh2cL+3j5fMGzUMCxWBJ3dV3a7Wz8y2f/uQ0e3B6WmodD3oS54jTQ9HVTIIg=="],

    "fflate": ["fflate@0.8.2", "", {}, "sha512-cPJU47OaAoCbg0pBvzsgpTPhmhqI5eJjh/JIu8tPj5q+T7iLvW/JAYUqmE7KOB4R1ZyEhzBaIQpQpardBF5z8A=="],

    "file-type": ["file-type@21.0.0", "", { "dependencies": { "@tokenizer/inflate": "^0.2.7", "strtok3": "^10.2.2", "token-types": "^6.0.0", "uint8array-extras": "^1.4.0" } }, "sha512-ek5xNX2YBYlXhiUXui3D/BXa3LdqPmoLJ7rqEx2bKJ7EAUEfmXgW0Das7Dc6Nr9MvqaOnIqiPV0mZk/r/UpNAg=="],

    "fs-extra": ["fs-extra@11.3.0", "", { "dependencies": { "graceful-fs": "^4.2.0", "jsonfile": "^6.0.1", "universalify": "^2.0.0" } }, "sha512-Z4XaCL6dUDHfP/jT25jJKMmtxvuwbkrD1vNSMFlo9lNLY2c5FHYSQgHPRZUjAB26TpDEoW9HCOgplrdbaPV/ew=="],

    "giget": ["giget@2.0.0", "", { "dependencies": { "citty": "^0.1.6", "consola": "^3.4.0", "defu": "^6.1.4", "node-fetch-native": "^1.6.6", "nypm": "^0.6.0", "pathe": "^2.0.3" }, "bin": { "giget": "dist/cli.mjs" } }, "sha512-L5bGsVkxJbJgdnwyuheIunkGatUF/zssUoxxjACCseZYAVbaqdh9Tsmmlkl8vYan09H7sbvKt4pS8GqKLBrEzA=="],

    "graceful-fs": ["graceful-fs@4.2.11", "", {}, "sha512-RbJ5/jmFcNNCcDV5o9eTnBLJ/HszWV0P73bc+Ff4nS/rJj+YaS6IGyiOL0VoBYX+l1Wrl3k63h/KrH+nhJ0XvQ=="],

    "ieee754": ["ieee754@1.2.1", "", {}, "sha512-dcyqhDvX1C46lXZcVqCpK+FtMRQVdIMN6/Df5js2zouUsqG7I6sFxitIC+7KYK29KdXOLHdu9zL4sFnoVQnqaA=="],

    "jiti": ["jiti@2.6.1", "", { "bin": { "jiti": "lib/jiti-cli.mjs" } }, "sha512-ekilCSN1jwRvIbgeg/57YFh8qQDNbwDb9xT/qu2DAHbFFZUicIl4ygVaAvzveMhMVr3LnpSKTNnwt8PoOfmKhQ=="],

    "jose": ["jose@6.1.0", "", {}, "sha512-TTQJyoEoKcC1lscpVDCSsVgYzUDg/0Bt3WE//WiTPK6uOCQC2KZS4MpugbMWt/zyjkopgZoXhZuCi00gLudfUA=="],

    "jsonfile": ["jsonfile@6.2.0", "", { "dependencies": { "universalify": "^2.0.0" }, "optionalDependencies": { "graceful-fs": "^4.1.6" } }, "sha512-FGuPw30AdOIUTRMC2OMRtQV+jkVj2cfPqSeWXv1NEAJ1qZ5zb1X6z1mFhbfOB/iy3ssJCD+3KuZ8r8C3uVFlAg=="],

    "kleur": ["kleur@3.0.3", "", {}, "sha512-eTIzlVOSUR+JxdDFepEYcBMtZ9Qqdef+rnzWdRZuMbOywu5tO2w2N7rqjoANZ5k9vywhL6Br1VRjUIgTQx4E8w=="],

    "kysely": ["kysely@0.28.8", "", {}, "sha512-QUOgl5ZrS9IRuhq5FvOKFSsD/3+IA6MLE81/bOOTRA/YQpKDza2sFdN5g6JCB9BOpqMJDGefLCQ9F12hRS13TA=="],

    "lilconfig": ["lilconfig@2.1.0", "", {}, "sha512-utWOt/GHzuUxnLKxB6dk81RoOeoNeHgbrXiuGk4yyF5qlRz+iIVWu56E2fqGHFrXz0QNUhLB/8nKqvRH66JKGQ=="],

    "lodash": ["lodash@4.17.21", "", {}, "sha512-v2kDEe57lecTulaDIuNTPy3Ry4gLGJ6Z1O3vE1krgXZNrsQ+LFTGHVxVjcXPs17LhbZVGedAJv8XZ1tvj5FvSg=="],

    "memoirist": ["memoirist@0.4.0", "", {}, "sha512-zxTgA0mSYELa66DimuNQDvyLq36AwDlTuVRbnQtB+VuTcKWm5Qc4z3WkSpgsFWHNhexqkIooqpv4hdcqrX5Nmg=="],

    "ms": ["ms@2.1.3", "", {}, "sha512-6FlzubTLZG3J2a/NVCAleEhjzq5oxgHyaCU9yYXvcLsvoVaHJq/s5xXI6/XXP6tz7R9xAOtHnSO/tXtF3WRTlA=="],

    "nanostores": ["nanostores@1.0.1", "", {}, "sha512-kNZ9xnoJYKg/AfxjrVL4SS0fKX++4awQReGqWnwTRHxeHGZ1FJFVgTqr/eMrNQdp0Tz7M7tG/TDaX8QfHDwVCw=="],

    "node-fetch-native": ["node-fetch-native@1.6.7", "", {}, "sha512-g9yhqoedzIUm0nTnTqAQvueMPVOuIY16bqgAJJC8XOOubYFNwz6IER9qs0Gq2Xd0+CecCKFjtdDTMA4u4xG06Q=="],

    "nypm": ["nypm@0.6.2", "", { "dependencies": { "citty": "^0.1.6", "consola": "^3.4.2", "pathe": "^2.0.3", "pkg-types": "^2.3.0", "tinyexec": "^1.0.1" }, "bin": { "nypm": "dist/cli.mjs" } }, "sha512-7eM+hpOtrKrBDCh7Ypu2lJ9Z7PNZBdi/8AT3AX8xoCj43BBVHD0hPSTEvMtkMpfs8FCqBGhxB+uToIQimA111g=="],

    "ohash": ["ohash@2.0.11", "", {}, "sha512-RdR9FQrFwNBNXAr4GixM8YaRZRJ5PUWbKYbE5eOsrwAjJW0q2REGcf79oYPsLyskQCZG1PLN+S/K1V00joZAoQ=="],

    "openapi-types": ["openapi-types@12.1.3", "", {}, "sha512-N4YtSYJqghVu4iek2ZUvcN/0aqH1kRDuNqzcycDxhOUpg7GdvLa2F3DgS6yBNhInhv2r/6I0Flkn7CqL8+nIcw=="],

    "oxlint": ["oxlint@1.26.0", "", { "optionalDependencies": { "@oxlint/darwin-arm64": "1.26.0", "@oxlint/darwin-x64": "1.26.0", "@oxlint/linux-arm64-gnu": "1.26.0", "@oxlint/linux-arm64-musl": "1.26.0", "@oxlint/linux-x64-gnu": "1.26.0", "@oxlint/linux-x64-musl": "1.26.0", "@oxlint/win32-arm64": "1.26.0", "@oxlint/win32-x64": "1.26.0" }, "peerDependencies": { "oxlint-tsgolint": ">=0.4.0" }, "optionalPeers": ["oxlint-tsgolint"], "bin": { "oxlint": "bin/oxlint", "oxc_language_server": "bin/oxc_language_server" } }, "sha512-KRpL+SMi07JQyggv5ldIF+wt2pnrKm8NLW0B+8bK+0HZsLmH9/qGA+qMWie5Vf7lnlMBllJmsuzHaKFEGY3rIA=="],

    "oxlint-tsgolint": ["oxlint-tsgolint@0.4.0", "", { "optionalDependencies": { "@oxlint-tsgolint/darwin-arm64": "0.4.0", "@oxlint-tsgolint/darwin-x64": "0.4.0", "@oxlint-tsgolint/linux-arm64": "0.4.0", "@oxlint-tsgolint/linux-x64": "0.4.0", "@oxlint-tsgolint/win32-arm64": "0.4.0", "@oxlint-tsgolint/win32-x64": "0.4.0" }, "bin": { "tsgolint": "bin/tsgolint.js" } }, "sha512-RpvLxPvSt0Xzr3frTiw5rP6HUW0djZ2uNdzHc8Pv556sbTnFWXmLdK8FRqqy7vVXZTkoVSdY3PsvOsVAqGjc+Q=="],

    "pathe": ["pathe@2.0.3", "", {}, "sha512-WUjGcAqP1gQacoQe+OBJsFA7Ld4DyXuUIjZ5cc75cLHvJ7dtNsTugphxIADwspS+AraAUePCKrSVtPLFj/F88w=="],

    "perfect-debounce": ["perfect-debounce@1.0.0", "", {}, "sha512-xCy9V055GLEqoFaHoC1SoLIaLmWctgCUaBaWxDZ7/Zx4CTyX7cJQLJOok/orfjZAh9kEYpjJa4d0KcJmCbctZA=="],

    "pg": ["pg@8.16.3", "", { "dependencies": { "pg-connection-string": "^2.9.1", "pg-pool": "^3.10.1", "pg-protocol": "^1.10.3", "pg-types": "2.2.0", "pgpass": "1.0.5" }, "optionalDependencies": { "pg-cloudflare": "^1.2.7" }, "peerDependencies": { "pg-native": ">=3.0.1" }, "optionalPeers": ["pg-native"] }, "sha512-enxc1h0jA/aq5oSDMvqyW3q89ra6XIIDZgCX9vkMrnz5DFTw/Ny3Li2lFQ+pt3L6MCgm/5o2o8HW9hiJji+xvw=="],

    "pg-cloudflare": ["pg-cloudflare@1.2.7", "", {}, "sha512-YgCtzMH0ptvZJslLM1ffsY4EuGaU0cx4XSdXLRFae8bPP4dS5xL1tNB3k2o/N64cHJpwU7dxKli/nZ2lUa5fLg=="],

    "pg-connection-string": ["pg-connection-string@2.9.1", "", {}, "sha512-nkc6NpDcvPVpZXxrreI/FOtX3XemeLl8E0qFr6F2Lrm/I8WOnaWNhIPK2Z7OHpw7gh5XJThi6j6ppgNoaT1w4w=="],

    "pg-int8": ["pg-int8@1.0.1", "", {}, "sha512-WCtabS6t3c8SkpDBUlb1kjOs7l66xsGdKpIPZsg4wR+B3+u9UAum2odSsF9tnvxg80h4ZxLWMy4pRjOsFIqQpw=="],

    "pg-pool": ["pg-pool@3.10.1", "", { "peerDependencies": { "pg": ">=8.0" } }, "sha512-Tu8jMlcX+9d8+QVzKIvM/uJtp07PKr82IUOYEphaWcoBhIYkoHpLXN3qO59nAI11ripznDsEzEv8nUxBVWajGg=="],

    "pg-protocol": ["pg-protocol@1.10.3", "", {}, "sha512-6DIBgBQaTKDJyxnXaLiLR8wBpQQcGWuAESkRBX/t6OwA8YsqP+iVSiond2EDy6Y/dsGk8rh/jtax3js5NeV7JQ=="],

    "pg-types": ["pg-types@2.2.0", "", { "dependencies": { "pg-int8": "1.0.1", "postgres-array": "~2.0.0", "postgres-bytea": "~1.0.0", "postgres-date": "~1.0.4", "postgres-interval": "^1.1.0" } }, "sha512-qTAAlrEsl8s4OiEQY69wDvcMIdQN6wdz5ojQiOy6YRMuynxenON0O5oCpJI6lshc6scgAY8qvJ2On/p+CXY0GA=="],

    "pgpass": ["pgpass@1.0.5", "", { "dependencies": { "split2": "^4.1.0" } }, "sha512-FdW9r/jQZhSeohs1Z3sI1yxFQNFvMcnmfuj4WBMUTxOrAyLMaTcE1aAMBiTlbMNaXvBCQuVi0R7hd8udDSP7ug=="],

    "pkg-types": ["pkg-types@2.3.0", "", { "dependencies": { "confbox": "^0.2.2", "exsolve": "^1.0.7", "pathe": "^2.0.3" } }, "sha512-SIqCzDRg0s9npO5XQ3tNZioRY1uK06lA41ynBC1YmFTmnY6FjUjVt6s4LoADmwoig1qqD0oK8h1p/8mlMx8Oig=="],

    "postgres-array": ["postgres-array@2.0.0", "", {}, "sha512-VpZrUqU5A69eQyW2c5CA1jtLecCsN2U/bD6VilrFDWq5+5UIEVO7nazS3TEcHf1zuPYO/sqGvUvW62g86RXZuA=="],

    "postgres-bytea": ["postgres-bytea@1.0.0", "", {}, "sha512-xy3pmLuQqRBZBXDULy7KbaitYqLcmxigw14Q5sj8QBVLqEwXfeybIKVWiqAXTlcvdvb0+xkOtDbfQMOf4lST1w=="],

    "postgres-date": ["postgres-date@1.0.7", "", {}, "sha512-suDmjLVQg78nMK2UZ454hAG+OAW+HQPZ6n++TNDUX+L0+uUlLywnoxJKDou51Zm+zTCjrCl0Nq6J9C5hP9vK/Q=="],

    "postgres-interval": ["postgres-interval@1.2.0", "", { "dependencies": { "xtend": "^4.0.0" } }, "sha512-9ZhXKM/rw350N1ovuWHbGxnGh/SNJ4cnxHiM0rxE4VN41wsg8P8zWn9hv/buK00RP4WvlOyr/RBDiptyxVbkZQ=="],

    "prisma": ["prisma@6.19.0", "", { "dependencies": { "@prisma/config": "6.19.0", "@prisma/engines": "6.19.0" }, "peerDependencies": { "typescript": ">=5.1.0" }, "optionalPeers": ["typescript"], "bin": { "prisma": "build/index.js" } }, "sha512-F3eX7K+tWpkbhl3l4+VkFtrwJlLXbAM+f9jolgoUZbFcm1DgHZ4cq9AgVEgUym2au5Ad/TDLN8lg83D+M10ycw=="],

    "prisma-kysely": ["prisma-kysely@2.2.1", "", { "dependencies": { "@mrleebo/prisma-ast": "^0.13.0", "@prisma/generator-helper": "6.16.2", "@prisma/internals": "6.16.2", "typescript": "^5.9.2", "zod": "^4.1.5" }, "peerDependencies": { "prisma": "~6.16" }, "bin": { "prisma-kysely": "dist/bin.js" } }, "sha512-hxue1/ZzyBJ8qx6bSBNUjF+A+tl78PM5Sg/wIAIph9hxwdiGcWTr8JPQveva4zvA57bwRJhAJjDvdy8MK4UNuA=="],

    "prompts": ["prompts@2.4.2", "", { "dependencies": { "kleur": "^3.0.3", "sisteransi": "^1.0.5" } }, "sha512-NxNv/kLguCA7p3jE8oL2aEBsrJWgAakBpgmgK6lpPWV+WuOmY6r2/zbAVnP+T8bQlA0nzHXSJSJW0Hq7ylaD2Q=="],

    "pure-rand": ["pure-rand@6.1.0", "", {}, "sha512-bVWawvoZoBYpp6yIoQtQXHZjmz35RSVHnUOTefl8Vcjr8snTPY1wnpSPMWekcFwbxI6gtmT7rSYPFvz71ldiOA=="],

    "pvtsutils": ["pvtsutils@1.3.6", "", { "dependencies": { "tslib": "^2.8.1" } }, "sha512-PLgQXQ6H2FWCaeRak8vvk1GW462lMxB5s3Jm673N82zI4vqtVUPuZdffdZbPDFRoU8kAhItWFtPCWiPpp4/EDg=="],

    "pvutils": ["pvutils@1.1.5", "", {}, "sha512-KTqnxsgGiQ6ZAzZCVlJH5eOjSnvlyEgx1m8bkRJfOhmGRqfo5KLvmAlACQkrjEtOQ4B7wF9TdSLIs9O90MX9xA=="],

    "rc9": ["rc9@2.1.2", "", { "dependencies": { "defu": "^6.1.4", "destr": "^2.0.3" } }, "sha512-btXCnMmRIBINM2LDZoEmOogIZU7Qe7zn4BpomSKZ/ykbLObuBdvG+mFq11DL6fjH1DRwHhrlgtYWG96bJiC7Cg=="],

    "readdirp": ["readdirp@4.1.2", "", {}, "sha512-GDhwkLfywWL2s6vEjyhri+eXmfH6j1L7JE27WhqLeYzoh/A3DBaYGEj2H/HFZCn/kMfim73FXxEJTw06WtxQwg=="],

    "reflect-metadata": ["reflect-metadata@0.2.2", "", {}, "sha512-urBwgfrvVP/eAyXx4hluJivBKzuEbSQs9rKWCrCkbSxNv8mxPcUZKeuoF3Uy4mJl3Lwprp6yy5/39VWigZ4K6Q=="],

    "regexp-to-ast": ["regexp-to-ast@0.5.0", "", {}, "sha512-tlbJqcMHnPKI9zSrystikWKwHkBqu2a/Sgw01h3zFjvYrMxEDYHzzoMZnUrbIfpTFEsoRnnviOXNCzFiSc54Qw=="],

    "rou3": ["rou3@0.5.1", "", {}, "sha512-OXMmJ3zRk2xeXFGfA3K+EOPHC5u7RDFG7lIOx0X1pdnhUkI8MdVrbV+sNsD80ElpUZ+MRHdyxPnFthq9VHs8uQ=="],

    "set-cookie-parser": ["set-cookie-parser@2.7.2", "", {}, "sha512-oeM1lpU/UvhTxw+g3cIfxXHyJRc/uidd3yK1P242gzHds0udQBYzs3y8j4gCCW+ZJ7ad0yctld8RYO+bdurlvw=="],

    "sisteransi": ["sisteransi@1.0.5", "", {}, "sha512-bLGGlR1QxBcynn2d5YmDX4MGjlZvy2MRBDRNHLJ8VI6l6+9FUiyTFNJ0IveOSP0bcXgVDPRcfGqA0pjaqUpfVg=="],

    "split2": ["split2@4.2.0", "", {}, "sha512-UcjcJOWknrNkF6PLX83qcHM6KHgVKNkV62Y8a5uYDVv9ydGQVwAHMKqHdJje1VTWpljG0WYpCDhrCdAOYH4TWg=="],

    "strtok3": ["strtok3@10.3.4", "", { "dependencies": { "@tokenizer/token": "^0.3.0" } }, "sha512-KIy5nylvC5le1OdaaoCJ07L+8iQzJHGH6pWDuzS+d07Cu7n1MZ2x26P8ZKIWfbK02+XIL8Mp4RkWeqdUCrDMfg=="],

    "tinyexec": ["tinyexec@1.0.1", "", {}, "sha512-5uC6DDlmeqiOwCPmK9jMSdOuZTh8bU39Ys6yidB+UTt5hfZUPGAypSgFRiEp+jbi9qH40BLDvy85jIU88wKSqw=="],

    "token-types": ["token-types@6.1.1", "", { "dependencies": { "@borewit/text-codec": "^0.1.0", "@tokenizer/token": "^0.3.0", "ieee754": "^1.2.1" } }, "sha512-kh9LVIWH5CnL63Ipf0jhlBIy0UsrMj/NJDfpsy1SqOXlLKEVyXXYrnFxFT1yOOYVGBSApeVnjPw/sBz5BfEjAQ=="],

    "tslib": ["tslib@2.8.1", "", {}, "sha512-oJFu94HQb+KVduSUQL7wnpmqnfmLsOA/nAh6b6EH0wCEoK0/mPeXU6c3wKDV83MkOuHPRHtSXKKU99IBazS/2w=="],

    "tsyringe": ["tsyringe@4.10.0", "", { "dependencies": { "tslib": "^1.9.3" } }, "sha512-axr3IdNuVIxnaK5XGEUFTu3YmAQ6lllgrvqfEoR16g/HGnYY/6We4oWENtAnzK6/LpJ2ur9PAb80RBt7/U4ugw=="],

    "typescript": ["typescript@5.9.3", "", { "bin": { "tsc": "bin/tsc", "tsserver": "bin/tsserver" } }, "sha512-jl1vZzPDinLr9eUt3J/t7V6FgNEw9QjvBPdysz9KfQDD41fQrC2Y4vKQdiaUpFT4bXlb1RHhLpp8wtm6M5TgSw=="],

    "uint8array-extras": ["uint8array-extras@1.5.0", "", {}, "sha512-rvKSBiC5zqCCiDZ9kAOszZcDvdAHwwIKJG33Ykj43OKcWsnmcBRL09YTU4nOeHZ8Y2a7l1MgTd08SBe9A8Qj6A=="],

    "uncrypto": ["uncrypto@0.1.3", "", {}, "sha512-Ql87qFHB3s/De2ClA9e0gsnS6zXG27SkTiSJwjCc9MebbfapQfuPzumMIUMi38ezPZVNFcHI9sUIepeQfw8J8Q=="],

    "undici-types": ["undici-types@7.16.0", "", {}, "sha512-Zz+aZWSj8LE6zoxD+xrjh4VfkIG8Ya6LvYkZqtUQGJPZjYl53ypCaUwWqo7eI0x66KBGeRo+mlBEkMSeSZ38Nw=="],

    "universalify": ["universalify@2.0.1", "", {}, "sha512-gptHNQghINnc/vTGIk0SOFGFNXw7JVrlRUtConJRlvaw6DuX0wO5Jeko9sWrMBhh+PsYAZ7oXAiOnf/UKogyiw=="],

    "xtend": ["xtend@4.0.2", "", {}, "sha512-LKYU1iAXJXUgAXn9URjiu+MWhyUXHsvfp7mcuYm9dSUKK0/CjtrUwFAxD82/mCWbtLsGjFIad0wIsod4zrTAEQ=="],

    "zod": ["zod@4.1.12", "", {}, "sha512-JInaHOamG8pt5+Ey8kGmdcAcg3OL9reK8ltczgHTAwNhMys/6ThXHityHxVV2p3fkw/c+MAvBHFVYHFZDmjMCQ=="],

    "@prisma/driver-adapter-utils/@prisma/debug": ["@prisma/debug@6.16.2", "", {}, "sha512-bo4/gA/HVV6u8YK2uY6glhNsJ7r+k/i5iQ9ny/3q5bt9ijCj7WMPUwfTKPvtEgLP+/r26Z686ly11hhcLiQ8zA=="],

    "@prisma/generator-helper/@prisma/debug": ["@prisma/debug@6.16.2", "", {}, "sha512-bo4/gA/HVV6u8YK2uY6glhNsJ7r+k/i5iQ9ny/3q5bt9ijCj7WMPUwfTKPvtEgLP+/r26Z686ly11hhcLiQ8zA=="],

    "@prisma/internals/@prisma/config": ["@prisma/config@6.16.2", "", { "dependencies": { "c12": "3.1.0", "deepmerge-ts": "7.1.5", "effect": "3.16.12", "empathic": "2.0.0" } }, "sha512-mKXSUrcqXj0LXWPmJsK2s3p9PN+aoAbyMx7m5E1v1FufofR1ZpPoIArjjzOIm+bJRLLvYftoNYLx1tbHgF9/yg=="],

    "@prisma/internals/@prisma/debug": ["@prisma/debug@6.16.2", "", {}, "sha512-bo4/gA/HVV6u8YK2uY6glhNsJ7r+k/i5iQ9ny/3q5bt9ijCj7WMPUwfTKPvtEgLP+/r26Z686ly11hhcLiQ8zA=="],

    "@prisma/internals/@prisma/engines": ["@prisma/engines@6.16.2", "", { "dependencies": { "@prisma/debug": "6.16.2", "@prisma/engines-version": "6.16.0-7.1c57fdcd7e44b29b9313256c76699e91c3ac3c43", "@prisma/fetch-engine": "6.16.2", "@prisma/get-platform": "6.16.2" } }, "sha512-7yf3AjfPUgsg/l7JSu1iEhsmZZ/YE00yURPjTikqm2z4btM0bCl2coFtTGfeSOWbQMmq45Jab+53yGUIAT1sjA=="],

    "@prisma/internals/@prisma/fetch-engine": ["@prisma/fetch-engine@6.16.2", "", { "dependencies": { "@prisma/debug": "6.16.2", "@prisma/engines-version": "6.16.0-7.1c57fdcd7e44b29b9313256c76699e91c3ac3c43", "@prisma/get-platform": "6.16.2" } }, "sha512-wPnZ8DMRqpgzye758ZvfAMiNJRuYpz+rhgEBZi60ZqDIgOU2694oJxiuu3GKFeYeR/hXxso4/2oBC243t/whxQ=="],

    "@prisma/internals/@prisma/get-platform": ["@prisma/get-platform@6.16.2", "", { "dependencies": { "@prisma/debug": "6.16.2" } }, "sha512-U/P36Uke5wS7r1+omtAgJpEB94tlT4SdlgaeTc6HVTTT93pXj7zZ+B/cZnmnvjcNPfWddgoDx8RLjmQwqGDYyA=="],

    "tsyringe/tslib": ["tslib@1.14.1", "", {}, "sha512-Xni35NKzjgMrwevysHTCArtLDpPvye8zV/0E4EyYn43P7/7qvQwPh9BGkHewbMulVntbigmcT7rdX3BNo9wRJg=="],

    "@prisma/internals/@prisma/config/effect": ["effect@3.16.12", "", { "dependencies": { "@standard-schema/spec": "^1.0.0", "fast-check": "^3.23.1" } }, "sha512-N39iBk0K71F9nb442TLbTkjl24FLUzuvx2i1I2RsEAQsdAdUTuUoW0vlfUXgkMTUOnYqKnWcFfqw4hK4Pw27hg=="],

    "@prisma/internals/@prisma/engines/@prisma/engines-version": ["@prisma/engines-version@6.16.0-7.1c57fdcd7e44b29b9313256c76699e91c3ac3c43", "", {}, "sha512-ThvlDaKIVrnrv97ujNFDYiQbeMQpLa0O86HFA2mNoip4mtFqM7U5GSz2ie1i2xByZtvPztJlNRgPsXGeM/kqAA=="],

    "@prisma/internals/@prisma/fetch-engine/@prisma/engines-version": ["@prisma/engines-version@6.16.0-7.1c57fdcd7e44b29b9313256c76699e91c3ac3c43", "", {}, "sha512-ThvlDaKIVrnrv97ujNFDYiQbeMQpLa0O86HFA2mNoip4mtFqM7U5GSz2ie1i2xByZtvPztJlNRgPsXGeM/kqAA=="],
  }
}
